
Microsoft Visual Studio Solution File, Format Version 12.00
# Visual Studio 2017
Project("{FAE04EC0-301F-11D3-BF4B-00C04F79EFBC}") = "dfFramework", "dfFramework.csproj", "{C264DCC5-05F0-EFF1-B7C7-4F0C7AF6B772}"
EndProject
Project("{FAE04EC0-301F-11D3-BF4B-00C04F79EFBC}") = "dfFramework.Editor", "dfFramework.Editor.csproj", "{8DE3B1B6-575B-5599-1A0C-F835D519BE82}"
EndProject
Global
	GlobalSection(SolutionConfigurationPlatforms) = preSolution
		Debug|Any CPU = Debug|Any CPU
		Release|Any CPU = Release|Any CPU
	EndGlobalSection
	GlobalSection(ProjectConfigurationPlatforms) = postSolution
		{C264DCC5-05F0-EFF1-B7C7-4F0C7AF6B772}.Debug|Any CPU.ActiveCfg = Debug|Any CPU
		{C264DCC5-05F0-EFF1-B7C7-4F0C7AF6B772}.Debug|Any CPU.Build.0 = Debug|Any CPU
		{C264DCC5-05F0-EFF1-B7C7-4F0C7AF6B772}.Release|Any CPU.ActiveCfg = Release|Any CPU
		{C264DCC5-05F0-EFF1-B7C7-4F0C7AF6B772}.Release|Any CPU.Build.0 = Release|Any CPU
		{8DE3B1B6-575B-5599-1A0C-F835D519BE82}.Debug|Any CPU.ActiveCfg = Debug|Any CPU
		{8DE3B1B6-575B-5599-1A0C-F835D519BE82}.Debug|Any CPU.Build.0 = Debug|Any CPU
		{8DE3B1B6-575B-5599-1A0C-F835D519BE82}.Release|Any CPU.ActiveCfg = Release|Any CPU
		{8DE3B1B6-575B-5599-1A0C-F835D519BE82}.Release|Any CPU.Build.0 = Release|Any CPU
	EndGlobalSection
	GlobalSection(SolutionProperties) = preSolution
		HideSolutionNode = FALSE
	EndGlobalSection
EndGlobal
